
Microsoft Visual Studio Solution File, Format Version 12.00
# Visual Studio Version 17
VisualStudioVersion = 17.9.34622.214
MinimumVisualStudioVersion = 10.0.40219.1
Project("{FAE04EC0-301F-11D3-BF4B-00C04F79EFBC}") = "Test.API", "Test.API\Test.API.csproj", "{BE726532-48E6-4674-8749-15C18B732F7B}"
EndProject
Global
	GlobalSection(SolutionConfigurationPlatforms) = preSolution
		Debug|Any CPU = Debug|Any CPU
		Release|Any CPU = Release|Any CPU
	EndGlobalSection
	GlobalSection(ProjectConfigurationPlatforms) = postSolution
		{BE726532-48E6-4674-8749-15C18B732F7B}.Debug|Any CPU.ActiveCfg = Debug|Any CPU
		{BE726532-48E6-4674-8749-15C18B732F7B}.Debug|Any CPU.Build.0 = Debug|Any CPU
		{BE726532-48E6-4674-8749-15C18B732F7B}.Release|Any CPU.ActiveCfg = Release|Any CPU
		{BE726532-48E6-4674-8749-15C18B732F7B}.Release|Any CPU.Build.0 = Release|Any CPU
	EndGlobalSection
	GlobalSection(SolutionProperties) = preSolution
		HideSolutionNode = FALSE
	EndGlobalSection
	GlobalSection(ExtensibilityGlobals) = postSolution
		SolutionGuid = {6E56CE14-EAC9-4EBD-A4EC-EE53DAD7D0F7}
	EndGlobalSection
EndGlobal
